{
  "version": 4,
  "terraform_version": "1.3.3",
  "serial": 16,
  "lineage": "97272dc4-1a29-fdfb-e6f8-dba637a8cd68",
  "outputs": {},
  "resources": [
    {
      "mode": "data",
      "type": "digitalocean_ssh_key",
      "name": "Alexvm",
      "provider": "provider[\"registry.terraform.io/digitalocean/digitalocean\"]",
      "instances": [
        {
          "schema_version": 0,
          "attributes": {
            "fingerprint": "7c:ac:c3:0d:0f:ea:b2:af:31:20:ba:6b:0e:34:1e:30",
            "id": 36463320,
            "name": "Alexvm",
            "public_key": "ssh-rsa AAAAB3NzaC1yc2EAAAADAQABAAABgQClOw0umq/WPSz5amTYX8Bv7sarl5hAJDVzmGzbN9/F83dNteFRFlq5+bs1LRRHi46uz+eZd/ApCAdLT5/L6cmV2mOAQgwvzRxP6j3p3yPx3yxcKjDXl5FQdijfRmr6xiz+m4p64I+TCfyZuov5aBeI7WriaYNDiQtJR13u25ZoqK2NkBl0Qw7zU1yyN+2G/Mq0CqRdpIZG0GWzBo67nIQ/cMGyZ2EBbuyrNIlHsbla2LDkBXxOR9Q3eqlR9OHzQ/4MauKZZSQB+1P4PPpx8NsdHuVKu1UOd64sXLfVK7LQftLFVobWRsfSLn90FTsJjRXlPrpQ66olmhIRQp7FAISqSkifBFCfDUXfeAliWOroslFBu9SnOLgSudg6PxWEjBQ/JEEtDUQPTiZn4r4lG3N61lMjs+Gm4+bXsEALPuIu9mxBhghDPeIcOY2x4TExZSt42zzex2EelXz+7xPKX93jmCq5VCk/tiUZKYrdTfgxWJ2Pq6NK1GIPwTzg8VyAf08= alex@alex-virtual-machine\n"
          },
          "sensitive_attributes": []
        }
      ]
    },
    {
      "mode": "managed",
      "type": "digitalocean_droplet",
      "name": "droplet-1",
      "provider": "provider[\"registry.terraform.io/digitalocean/digitalocean\"]",
      "instances": [
        {
          "status": "tainted",
          "schema_version": 1,
          "attributes": {
            "backups": false,
            "created_at": "2022-11-01T07:17:03Z",
            "disk": 10,
            "droplet_agent": null,
            "graceful_shutdown": false,
            "id": "323922189",
            "image": "ubuntu-20-04-x64",
            "ipv4_address": "206.189.92.203",
            "ipv4_address_private": "10.104.0.3",
            "ipv6": false,
            "ipv6_address": "",
            "locked": false,
            "memory": 512,
            "monitoring": false,
            "name": "droplet-1",
            "price_hourly": 0.00595,
            "price_monthly": 4,
            "private_networking": true,
            "region": "sgp1",
            "resize_disk": true,
            "size": "s-1vcpu-512mb-10gb",
            "ssh_keys": [
              "36463320"
            ],
            "status": "active",
            "tags": null,
            "timeouts": null,
            "urn": "do:droplet:323922189",
            "user_data": null,
            "vcpus": 1,
            "volume_ids": [],
            "vpc_uuid": "4d39d11f-0816-4474-a888-4630ff579598"
          },
          "sensitive_attributes": [],
          "private": "eyJlMmJmYjczMC1lY2FhLTExZTYtOGY4OC0zNDM2M2JjN2M0YzAiOnsiY3JlYXRlIjozNjAwMDAwMDAwMDAwLCJkZWxldGUiOjYwMDAwMDAwMDAwLCJ1cGRhdGUiOjM2MDAwMDAwMDAwMDB9LCJzY2hlbWFfdmVyc2lvbiI6IjEifQ==",
          "dependencies": [
            "data.digitalocean_ssh_key.Alexvm"
          ]
        }
      ]
    }
  ],
  "check_results": []
}
