{
  "version": 4,
  "terraform_version": "1.3.4",
  "serial": 291,
  "lineage": "97272dc4-1a29-fdfb-e6f8-dba637a8cd68",
  "outputs": {
    "drop_ip_addresses": {
      "value": {
        "hilo-game-0": "159.223.85.65"
      },
      "type": [
        "object",
        {
          "hilo-game-0": "string"
        }
      ]
    }
  },
  "resources": [
    {
      "mode": "data",
      "type": "digitalocean_ssh_key",
      "name": "Alexvm",
      "provider": "provider[\"registry.terraform.io/digitalocean/digitalocean\"]",
      "instances": [
        {
          "schema_version": 0,
          "attributes": {
            "fingerprint": "c6:fb:86:fe:55:e5:72:93:38:e1:4e:2d:b6:4a:6b:98",
            "id": 36696669,
            "name": "Alexvm",
            "public_key": "ssh-rsa AAAAB3NzaC1yc2EAAAADAQABAAABgQCx+JLZFzJntw/Du2h4XYjiEx+0SHESRExxOvUAgcwZ4+M5Jr7F5l+Ffl2fBmmnlemQPeBmg0AHlTHEQbInJbmHuZbLVgbA8NYS2PR8ywwC3/9F/1OpjVqiUGoK3OluaWO93DP9Cm5jq8M2J5I94W1NOgflgb0zareNs4ehB1BuLsqQlqW6mivR/c1LBWTdMSfn5c1tixcdz9SzTgzPnV2zCgvXwVrfIgkwpUfS9Z1iYiHN3xBbyzmlPrJJbz5KttB1G6zlWSfync2yX5i19Wm6tsH1KZlyrAvK0dmyBfwGR1UmhfzqaZcHajGQFub1nYgZFNLrH6igytTce7YIpttj1h8hQCOVx3AxjbBVHbbUteEMUu87XR9wuf6xU2TidkaxWZZHID1U6EfIWczq6cjRvEf2jysKqA9FdU/AS58aHeSUjPyaoj0h/+VSyMU7U84lklk2YVTsbaGT3LxkB0yt5AFXv53pr37fnGyuRcjqPKu46uTX/9n8Zd6Nmuy3sTU= alex@alex-virtual-machine"
          },
          "sensitive_attributes": []
        }
      ]
    },
    {
      "mode": "managed",
      "type": "digitalocean_droplet",
      "name": "hilo-game",
      "provider": "provider[\"registry.terraform.io/digitalocean/digitalocean\"]",
      "instances": [
        {
          "index_key": 0,
          "schema_version": 1,
          "attributes": {
            "backups": false,
            "created_at": "2022-11-11T09:45:21Z",
            "disk": 10,
            "droplet_agent": null,
            "graceful_shutdown": false,
            "id": "325532714",
            "image": "debian-11-x64",
            "ipv4_address": "159.223.85.65",
            "ipv4_address_private": "10.104.0.2",
            "ipv6": false,
            "ipv6_address": "",
            "locked": false,
            "memory": 512,
            "monitoring": false,
            "name": "hilo-game-0",
            "price_hourly": 0.00595,
            "price_monthly": 4,
            "private_networking": true,
            "region": "sgp1",
            "resize_disk": true,
            "size": "s-1vcpu-512mb-10gb",
            "ssh_keys": [
              "36696669"
            ],
            "status": "active",
            "tags": null,
            "timeouts": null,
            "urn": "do:droplet:325532714",
            "user_data": null,
            "vcpus": 1,
            "volume_ids": [],
            "vpc_uuid": "4d39d11f-0816-4474-a888-4630ff579598"
          },
          "sensitive_attributes": [],
          "private": "eyJlMmJmYjczMC1lY2FhLTExZTYtOGY4OC0zNDM2M2JjN2M0YzAiOnsiY3JlYXRlIjozNjAwMDAwMDAwMDAwLCJkZWxldGUiOjYwMDAwMDAwMDAwLCJ1cGRhdGUiOjM2MDAwMDAwMDAwMDB9LCJzY2hlbWFfdmVyc2lvbiI6IjEifQ==",
          "dependencies": [
            "data.digitalocean_ssh_key.Alexvm"
          ]
        }
      ]
    }
  ],
  "check_results": null
}
